
Microsoft Visual Studio Solution File, Format Version 12.00
# Visual Studio Version 17
VisualStudioVersion = 17.8.34525.116
MinimumVisualStudioVersion = 10.0.40219.1
Project("{FAE04EC0-301F-11D3-BF4B-00C04F79EFBC}") = "HelloWorld", "HelloWorld\HelloWorld.csproj", "{AE65AB5B-A95A-4D30-AD00-CE11DD9165EF}"
EndProject
Global
	GlobalSection(SolutionConfigurationPlatforms) = preSolution
		Debug|Any CPU = Debug|Any CPU
		Release|Any CPU = Release|Any CPU
	EndGlobalSection
	GlobalSection(ProjectConfigurationPlatforms) = postSolution
		{AE65AB5B-A95A-4D30-AD00-CE11DD9165EF}.Debug|Any CPU.ActiveCfg = Debug|Any CPU
		{AE65AB5B-A95A-4D30-AD00-CE11DD9165EF}.Debug|Any CPU.Build.0 = Debug|Any CPU
		{AE65AB5B-A95A-4D30-AD00-CE11DD9165EF}.Release|Any CPU.ActiveCfg = Release|Any CPU
		{AE65AB5B-A95A-4D30-AD00-CE11DD9165EF}.Release|Any CPU.Build.0 = Release|Any CPU
	EndGlobalSection
	GlobalSection(SolutionProperties) = preSolution
		HideSolutionNode = FALSE
	EndGlobalSection
	GlobalSection(ExtensibilityGlobals) = postSolution
		SolutionGuid = {4227ABF9-01ED-41A3-9225-D6C3615361AD}
	EndGlobalSection
EndGlobal
